
Microsoft Visual Studio Solution File, Format Version 12.00
# Visual Studio 14
VisualStudioVersion = 14.0.23107.0
MinimumVisualStudioVersion = 10.0.40219.1
Project("{2150E333-8FDC-42A3-9474-1A3956D46DE8}") = "src", "src", "{445B4A9D-C278-48EF-856D-7A931EAF0518}"
EndProject
Project("{2150E333-8FDC-42A3-9474-1A3956D46DE8}") = "Solution Items", "Solution Items", "{91C773D7-D7E9-41F7-BA33-84E8CF2C8D66}"
	ProjectSection(SolutionItems) = preProject
		global.json = global.json
	EndProjectSection
EndProject
Project("{8BB2217D-0F2D-49D1-97BC-3654ED321F3B}") = "PersonalCrm.Web", "src\PersonalCrm.Web\PersonalCrm.Web.xproj", "{4AB78932-C9DE-44C9-8C67-8B166B12E35D}"
EndProject
Global
	GlobalSection(SolutionConfigurationPlatforms) = preSolution
		Debug|Any CPU = Debug|Any CPU
		Release|Any CPU = Release|Any CPU
	EndGlobalSection
	GlobalSection(ProjectConfigurationPlatforms) = postSolution
		{4AB78932-C9DE-44C9-8C67-8B166B12E35D}.Debug|Any CPU.ActiveCfg = Debug|Any CPU
		{4AB78932-C9DE-44C9-8C67-8B166B12E35D}.Debug|Any CPU.Build.0 = Debug|Any CPU
		{4AB78932-C9DE-44C9-8C67-8B166B12E35D}.Release|Any CPU.ActiveCfg = Release|Any CPU
		{4AB78932-C9DE-44C9-8C67-8B166B12E35D}.Release|Any CPU.Build.0 = Release|Any CPU
	EndGlobalSection
	GlobalSection(SolutionProperties) = preSolution
		HideSolutionNode = FALSE
	EndGlobalSection
	GlobalSection(NestedProjects) = preSolution
		{4AB78932-C9DE-44C9-8C67-8B166B12E35D} = {445B4A9D-C278-48EF-856D-7A931EAF0518}
	EndGlobalSection
EndGlobal
